
Microsoft Visual Studio Solution File, Format Version 11.00
# Visual Studio 2010
Project("{FAE04EC0-301F-11D3-BF4B-00C04F79EFBC}") = "Hello World", "Hello World\Hello World.csproj", "{CD8E05CB-EFAA-4378-8A81-BEBEB8324F00}"
EndProject
Global
	GlobalSection(SolutionConfigurationPlatforms) = preSolution
		Debug|x86 = Debug|x86
		Release|x86 = Release|x86
	EndGlobalSection
	GlobalSection(ProjectConfigurationPlatforms) = postSolution
		{CD8E05CB-EFAA-4378-8A81-BEBEB8324F00}.Debug|x86.ActiveCfg = Debug|x86
		{CD8E05CB-EFAA-4378-8A81-BEBEB8324F00}.Debug|x86.Build.0 = Debug|x86
		{CD8E05CB-EFAA-4378-8A81-BEBEB8324F00}.Release|x86.ActiveCfg = Release|x86
		{CD8E05CB-EFAA-4378-8A81-BEBEB8324F00}.Release|x86.Build.0 = Release|x86
	EndGlobalSection
	GlobalSection(SolutionProperties) = preSolution
		HideSolutionNode = FALSE
	EndGlobalSection
EndGlobal
